{
  "name": "aaron-bot-telegram",
  "version": "1.0.4",
  "lockfileVersion": 2,
  "requires": true,
  "packages": {
    "": {
      "name": "aaron-bot-telegram",
      "version": "1.0.4",
      "license": "NOLICENSE",
      "dependencies": {
        "axios": "^0.24.0",
        "dotenv": "^10.0.0",
        "moment": "^2.29.1"
      }
    },
    "node_modules/axios": {
      "version": "0.24.0",
      "license": "MIT",
      "dependencies": {
        "follow-redirects": "^1.14.4"
      }
    },
    "node_modules/dotenv": {
      "version": "10.0.0",
      "license": "BSD-2-Clause",
      "engines": {
        "node": ">=10"
      }
    },
    "node_modules/follow-redirects": {
      "version": "1.15.1",
      "funding": [
        {
          "type": "individual",
          "url": "https://github.com/sponsors/RubenVerborgh"
        }
      ],
      "license": "MIT",
      "engines": {
        "node": ">=4.0"
      },
      "peerDependenciesMeta": {
        "debug": {
          "optional": true
        }
      }
    },
    "node_modules/moment": {
      "version": "2.29.4",
      "resolved": "https://registry.npmjs.org/moment/-/moment-2.29.4.tgz",
      "integrity": "sha512-5LC9SOxjSc2HF6vO2CyuTDNivEdoz2IvyJJGj6X8DJ0eFyfszE0QiEd+iXmBvUP3WHxSjFH/vIsA0EN00cgr8w==",
      "engines": {
        "node": "*"
      }
    }
  },
  "dependencies": {
    "axios": {
      "version": "0.24.0",
      "requires": {
        "follow-redirects": "^1.14.4"
      }
    },
    "dotenv": {
      "version": "10.0.0"
    },
    "follow-redirects": {
      "version": "1.15.1"
    },
    "moment": {
      "version": "2.29.4",
      "resolved": "https://registry.npmjs.org/moment/-/moment-2.29.4.tgz",
      "integrity": "sha512-5LC9SOxjSc2HF6vO2CyuTDNivEdoz2IvyJJGj6X8DJ0eFyfszE0QiEd+iXmBvUP3WHxSjFH/vIsA0EN00cgr8w=="
    }
  }
}
